<?xml version="1.0" encoding="utf-8"?>
<Project ToolsVersion="4.0" xmlns="http://schemas.microsoft.com/developer/msbuild/2003">
  <ItemGroup>
    <ClInclude Include="DarkenWindow.h" />
    <ClInclude Include="MyDraw.h" />
    <ClInclude Include="ClassicHook.h" />
    <ClInclude Include="ThemeHook.h" />
    <ClInclude Include="resource.h">
      <Filter>Resource</Filter>
    </ClInclude>
    <ClInclude Include="Skin.h" />
    <ClInclude Include="..\..\Common\AviUtlInternal.h">
      <Filter>Common</Filter>
    </ClInclude>
    <ClInclude Include="..\..\Common\Dialog.h">
      <Filter>Common</Filter>
    </ClInclude>
    <ClInclude Include="..\..\Common\FileUpdateChecker.h">
      <Filter>Common</Filter>
    </ClInclude>
    <ClInclude Include="..\..\Common\Hook.h">
      <Filter>Common</Filter>
    </ClInclude>
    <ClInclude Include="..\..\Common\MSXML.h">
      <Filter>Common</Filter>
    </ClInclude>
    <ClInclude Include="..\..\Common\Profile.h">
      <Filter>Common</Filter>
    </ClInclude>
    <ClInclude Include="..\..\Common\Tracer.h">
      <Filter>Common</Filter>
    </ClInclude>
    <ClInclude Include="..\..\Common\WinUtility.h">
      <Filter>Common</Filter>
    </ClInclude>
    <ClInclude Include="pch.h">
      <Filter>Framework</Filter>
    </ClInclude>
  </ItemGroup>
  <ItemGroup>
    <ClCompile Include="DarkenWindow.cpp" />
    <ClCompile Include="Menu.cpp">
      <Filter>Controls</Filter>
    </ClCompile>
    <ClCompile Include="MyDraw.cpp" />
    <ClCompile Include="Button.cpp">
      <Filter>Controls</Filter>
    </ClCompile>
    <ClCompile Include="ScrollBar.cpp">
      <Filter>Controls</Filter>
    </ClCompile>
    <ClCompile Include="Dialog.cpp">
      <Filter>Controls</Filter>
    </ClCompile>
    <ClCompile Include="ClassicHook.cpp" />
    <ClCompile Include="ThemeHook.cpp" />
    <ClCompile Include="AviUtl.cpp">
      <Filter>Controls</Filter>
    </ClCompile>
    <ClCompile Include="AviUtlButton.cpp">
      <Filter>Controls</Filter>
    </ClCompile>
    <ClCompile Include="Edit.cpp">
      <Filter>Controls</Filter>
    </ClCompile>
    <ClCompile Include="Static.cpp">
      <Filter>Controls</Filter>
    </ClCompile>
    <ClCompile Include="ComboBox.cpp">
      <Filter>Controls</Filter>
    </ClCompile>
    <ClCompile Include="Exedit.cpp">
      <Filter>Controls</Filter>
    </ClCompile>
    <ClCompile Include="ListBox.cpp">
      <Filter>Controls</Filter>
    </ClCompile>
    <ClCompile Include="Spin.cpp">
      <Filter>Controls</Filter>
    </ClCompile>
    <ClCompile Include="ToolTip.cpp">
      <Filter>Controls</Filter>
    </ClCompile>
    <ClCompile Include="TrackBar.cpp">
      <Filter>Controls</Filter>
    </ClCompile>
    <ClCompile Include="Header.cpp">
      <Filter>Controls</Filter>
    </ClCompile>
    <ClCompile Include="ListView.cpp">
      <Filter>Controls</Filter>
    </ClCompile>
    <ClCompile Include="TreeView.cpp">
      <Filter>Controls</Filter>
    </ClCompile>
    <ClCompile Include="ToolBar.cpp">
      <Filter>Controls</Filter>
    </ClCompile>
    <ClCompile Include="Skin.cpp" />
    <ClCompile Include="CommandModule.cpp">
      <Filter>Controls</Filter>
    </ClCompile>
    <ClCompile Include="Window.cpp">
      <Filter>Controls</Filter>
    </ClCompile>
    <ClCompile Include="PreviewPane.cpp">
      <Filter>Controls</Filter>
    </ClCompile>
    <ClCompile Include="CommonItemsDialog.cpp">
      <Filter>Controls</Filter>
    </ClCompile>
    <ClCompile Include="Tab.cpp">
      <Filter>Controls</Filter>
    </ClCompile>
    <ClCompile Include="DarkenWindow_ExEdit.cpp" />
    <ClCompile Include="pch.cpp">
      <Filter>Framework</Filter>
    </ClCompile>
  </ItemGroup>
  <ItemGroup>
    <None Include="DarkenWindow.def" />
  </ItemGroup>
  <ItemGroup>
    <Filter Include="Common">
      <UniqueIdentifier>{177f322b-85e3-40d8-98e7-bca29a16eb22}</UniqueIdentifier>
    </Filter>
    <Filter Include="Controls">
      <UniqueIdentifier>{0e00a2b1-f998-4a0a-bf29-bce1401c76ff}</UniqueIdentifier>
    </Filter>
    <Filter Include="Resource">
      <UniqueIdentifier>{e292d573-19b5-4295-9d39-a04b2289c653}</UniqueIdentifier>
    </Filter>
    <Filter Include="Framework">
      <UniqueIdentifier>{2863ff98-c33f-4f95-a3df-d63cd7d0a1bd}</UniqueIdentifier>
    </Filter>
  </ItemGroup>
  <ItemGroup>
    <ResourceCompile Include="DarkenWindow.rc">
      <Filter>Resource</Filter>
    </ResourceCompile>
  </ItemGroup>
</Project>